{
  "object": {
    "pins": [
      {
        "package": "Sparkle",
        "repositoryURL": "https://github.com/sparkle-project/Sparkle",
        "state": {
          "branch": null,
          "revision": "df074165274afaa39539c05d57b0832620775b11",
          "version": "2.7.1"
        }
      }
    ]
  },
  "version": 1
}
