{
  "object": {
    "pins": [
      {
        "package": "Rainbow",
        "repositoryURL": "https://github.com/onevcat/Rainbow",
        "state": {
          "branch": null,
          "revision": "e0dada9cd44e3fa7ec3b867e49a8ddbf543e3df3",
          "version": "4.0.1"
        }
      },
      {
        "package": "swift-argument-parser",
        "repositoryURL": "https://github.com/stackotter/swift-argument-parser",
        "state": {
          "branch": "main",
          "revision": "36f73bea370315e7a5af1f450fa013180ba2c584",
          "version": null
        }
      },
      {
        "package": "SwiftDocCPlugin",
        "repositoryURL": "https://github.com/apple/swift-docc-plugin",
        "state": {
          "branch": null,
          "revision": "85e4bb4e1cd62cec64a4b8e769dcefdf0c5b9d64",
          "version": "1.4.3"
        }
      },
      {
        "package": "SymbolKit",
        "repositoryURL": "https://github.com/swiftlang/swift-docc-symbolkit",
        "state": {
          "branch": null,
          "revision": "b45d1f2ed151d057b54504d653e0da5552844e34",
          "version": "1.0.0"
        }
      },
      {
        "package": "swift-log",
        "repositoryURL": "https://github.com/apple/swift-log",
        "state": {
          "branch": null,
          "revision": "5d66f7ba25daf4f94100e7022febf3c75e37a6c7",
          "version": "1.4.2"
        }
      },
      {
        "package": "swift-parsing",
        "repositoryURL": "https://github.com/pointfreeco/swift-parsing.git",
        "state": {
          "branch": null,
          "revision": "1d3aa2f359388b67c16000556830645382cd5c4f",
          "version": "0.8.0"
        }
      },
      {
        "package": "TOMLKit",
        "repositoryURL": "https://github.com/LebJe/TOMLKit",
        "state": {
          "branch": null,
          "revision": "ec6198d37d495efc6acd4dffbd262cdca7ff9b3f",
          "version": "0.6.0"
        }
      },
      {
        "package": "Version",
        "repositoryURL": "https://github.com/mxcl/Version.git",
        "state": {
          "branch": null,
          "revision": "1fe824b80d89201652e7eca7c9252269a1d85e25",
          "version": "2.0.1"
        }
      }
    ]
  },
  "version": 1
}
